
Microsoft Visual Studio Solution File, Format Version 12.00
# Visual Studio Version 16
VisualStudioVersion = 16.0.33130.400
MinimumVisualStudioVersion = 10.0.40219.1
Project("{FAE04EC0-301F-11D3-BF4B-00C04F79EFBC}") = "alarm clock", "alarm clock\alarm clock.csproj", "{9589A1CF-B6F1-4DF0-8EEF-66949AA8405C}"
EndProject
Global
	GlobalSection(SolutionConfigurationPlatforms) = preSolution
		Debug|Any CPU = Debug|Any CPU
		Release|Any CPU = Release|Any CPU
	EndGlobalSection
	GlobalSection(ProjectConfigurationPlatforms) = postSolution
		{9589A1CF-B6F1-4DF0-8EEF-66949AA8405C}.Debug|Any CPU.ActiveCfg = Debug|Any CPU
		{9589A1CF-B6F1-4DF0-8EEF-66949AA8405C}.Debug|Any CPU.Build.0 = Debug|Any CPU
		{9589A1CF-B6F1-4DF0-8EEF-66949AA8405C}.Release|Any CPU.ActiveCfg = Release|Any CPU
		{9589A1CF-B6F1-4DF0-8EEF-66949AA8405C}.Release|Any CPU.Build.0 = Release|Any CPU
	EndGlobalSection
	GlobalSection(SolutionProperties) = preSolution
		HideSolutionNode = FALSE
	EndGlobalSection
	GlobalSection(ExtensibilityGlobals) = postSolution
		SolutionGuid = {A9F33414-C3E4-4E4D-9BF6-B386532CF7E3}
	EndGlobalSection
EndGlobal
